// !$*UTF8*$!
{
	archiveVersion = 1;
	classes = {
	};
	objectVersion = 56;
	objects = {

/* Begin PBXBuildFile section */
		791820722A3495360007A0F7 /* NewsDetailsViewController.swift in Sources */ = {isa = PBXBuildFile; fileRef = 791820712A3495360007A0F7 /* NewsDetailsViewController.swift */; };
		794809182A4CA7D000867672 /* ProfessionsViewController.swift in Sources */ = {isa = PBXBuildFile; fileRef = 794809172A4CA7D000867672 /* ProfessionsViewController.swift */; };
		796E018C2A362B14003656D3 /* GroupCell.swift in Sources */ = {isa = PBXBuildFile; fileRef = 796E018B2A362B14003656D3 /* GroupCell.swift */; };
		79766AB22A2C91CC003FC725 /* SpecialistsViewController.swift in Sources */ = {isa = PBXBuildFile; fileRef = 79766AB12A2C91CC003FC725 /* SpecialistsViewController.swift */; };
		79766AB42A2C9316003FC725 /* SpecialistsCell.swift in Sources */ = {isa = PBXBuildFile; fileRef = 79766AB32A2C9316003FC725 /* SpecialistsCell.swift */; };
		79766AB62A2C975D003FC725 /* AnalyzesGroupViewController.swift in Sources */ = {isa = PBXBuildFile; fileRef = 79766AB52A2C975D003FC725 /* AnalyzesGroupViewController.swift */; };
		79766AB82A2C99CD003FC725 /* Hospital.swift in Sources */ = {isa = PBXBuildFile; fileRef = 79766AB72A2C99CD003FC725 /* Hospital.swift */; };
		79766ABB2A2C99FD003FC725 /* DataStore.swift in Sources */ = {isa = PBXBuildFile; fileRef = 79766ABA2A2C99FD003FC725 /* DataStore.swift */; };
		798D441F2A2B6217006590B0 /* InfoCell.swift in Sources */ = {isa = PBXBuildFile; fileRef = 798D441E2A2B6217006590B0 /* InfoCell.swift */; };
		79B1102D2A2B249E0055A34E /* AppDelegate.swift in Sources */ = {isa = PBXBuildFile; fileRef = 79B1102C2A2B249E0055A34E /* AppDelegate.swift */; };
		79B1102F2A2B249E0055A34E /* SceneDelegate.swift in Sources */ = {isa = PBXBuildFile; fileRef = 79B1102E2A2B249E0055A34E /* SceneDelegate.swift */; };
		79B110312A2B249E0055A34E /* MainViewController.swift in Sources */ = {isa = PBXBuildFile; fileRef = 79B110302A2B249E0055A34E /* MainViewController.swift */; };
		79B110342A2B249E0055A34E /* Main.storyboard in Resources */ = {isa = PBXBuildFile; fileRef = 79B110322A2B249E0055A34E /* Main.storyboard */; };
		79B110362A2B249F0055A34E /* Assets.xcassets in Resources */ = {isa = PBXBuildFile; fileRef = 79B110352A2B249F0055A34E /* Assets.xcassets */; };
		79B110392A2B249F0055A34E /* LaunchScreen.storyboard in Resources */ = {isa = PBXBuildFile; fileRef = 79B110372A2B249F0055A34E /* LaunchScreen.storyboard */; };
		79E5E4782A3E3DFA002B9AF4 /* AnalyzesViewController.swift in Sources */ = {isa = PBXBuildFile; fileRef = 79E5E4772A3E3DFA002B9AF4 /* AnalyzesViewController.swift */; };
		79E5E47A2A3E4956002B9AF4 /* AnalizesCell.swift in Sources */ = {isa = PBXBuildFile; fileRef = 79E5E4792A3E4956002B9AF4 /* AnalizesCell.swift */; };
/* End PBXBuildFile section */

/* Begin PBXFileReference section */
		791820712A3495360007A0F7 /* NewsDetailsViewController.swift */ = {isa = PBXFileReference; lastKnownFileType = sourcecode.swift; path = NewsDetailsViewController.swift; sourceTree = "<group>"; };
		794809172A4CA7D000867672 /* ProfessionsViewController.swift */ = {isa = PBXFileReference; lastKnownFileType = sourcecode.swift; path = ProfessionsViewController.swift; sourceTree = "<group>"; };
		796E018B2A362B14003656D3 /* GroupCell.swift */ = {isa = PBXFileReference; lastKnownFileType = sourcecode.swift; path = GroupCell.swift; sourceTree = "<group>"; };
		79766AB12A2C91CC003FC725 /* SpecialistsViewController.swift */ = {isa = PBXFileReference; lastKnownFileType = sourcecode.swift; path = SpecialistsViewController.swift; sourceTree = "<group>"; };
		79766AB32A2C9316003FC725 /* SpecialistsCell.swift */ = {isa = PBXFileReference; lastKnownFileType = sourcecode.swift; path = SpecialistsCell.swift; sourceTree = "<group>"; };
		79766AB52A2C975D003FC725 /* AnalyzesGroupViewController.swift */ = {isa = PBXFileReference; lastKnownFileType = sourcecode.swift; path = AnalyzesGroupViewController.swift; sourceTree = "<group>"; };
		79766AB72A2C99CD003FC725 /* Hospital.swift */ = {isa = PBXFileReference; lastKnownFileType = sourcecode.swift; path = Hospital.swift; sourceTree = "<group>"; };
		79766ABA2A2C99FD003FC725 /* DataStore.swift */ = {isa = PBXFileReference; lastKnownFileType = sourcecode.swift; path = DataStore.swift; sourceTree = "<group>"; };
		798D441E2A2B6217006590B0 /* InfoCell.swift */ = {isa = PBXFileReference; lastKnownFileType = sourcecode.swift; path = InfoCell.swift; sourceTree = "<group>"; };
		79B110292A2B249E0055A34E /* MedicalClinic.app */ = {isa = PBXFileReference; explicitFileType = wrapper.application; includeInIndex = 0; path = MedicalClinic.app; sourceTree = BUILT_PRODUCTS_DIR; };
		79B1102C2A2B249E0055A34E /* AppDelegate.swift */ = {isa = PBXFileReference; lastKnownFileType = sourcecode.swift; path = AppDelegate.swift; sourceTree = "<group>"; };
		79B1102E2A2B249E0055A34E /* SceneDelegate.swift */ = {isa = PBXFileReference; lastKnownFileType = sourcecode.swift; path = SceneDelegate.swift; sourceTree = "<group>"; };
		79B110302A2B249E0055A34E /* MainViewController.swift */ = {isa = PBXFileReference; lastKnownFileType = sourcecode.swift; path = MainViewController.swift; sourceTree = "<group>"; };
		79B110332A2B249E0055A34E /* Base */ = {isa = PBXFileReference; lastKnownFileType = file.storyboard; name = Base; path = Base.lproj/Main.storyboard; sourceTree = "<group>"; };
		79B110352A2B249F0055A34E /* Assets.xcassets */ = {isa = PBXFileReference; lastKnownFileType = folder.assetcatalog; path = Assets.xcassets; sourceTree = "<group>"; };
		79B110382A2B249F0055A34E /* Base */ = {isa = PBXFileReference; lastKnownFileType = file.storyboard; name = Base; path = Base.lproj/LaunchScreen.storyboard; sourceTree = "<group>"; };
		79B1103A2A2B249F0055A34E /* Info.plist */ = {isa = PBXFileReference; lastKnownFileType = text.plist.xml; path = Info.plist; sourceTree = "<group>"; };
		79E5E4772A3E3DFA002B9AF4 /* AnalyzesViewController.swift */ = {isa = PBXFileReference; lastKnownFileType = sourcecode.swift; path = AnalyzesViewController.swift; sourceTree = "<group>"; };
		79E5E4792A3E4956002B9AF4 /* AnalizesCell.swift */ = {isa = PBXFileReference; lastKnownFileType = sourcecode.swift; path = AnalizesCell.swift; sourceTree = "<group>"; };
/* End PBXFileReference section */

/* Begin PBXFrameworksBuildPhase section */
		79B110262A2B249E0055A34E /* Frameworks */ = {
			isa = PBXFrameworksBuildPhase;
			buildActionMask = 2147483647;
			files = (
			);
			runOnlyForDeploymentPostprocessing = 0;
		};
/* End PBXFrameworksBuildPhase section */

/* Begin PBXGroup section */
		79766AB92A2C99E6003FC725 /* Models */ = {
			isa = PBXGroup;
			children = (
				79766AB72A2C99CD003FC725 /* Hospital.swift */,
			);
			path = Models;
			sourceTree = "<group>";
		};
		79766ABC2A2C9A03003FC725 /* Services */ = {
			isa = PBXGroup;
			children = (
				79766ABA2A2C99FD003FC725 /* DataStore.swift */,
			);
			path = Services;
			sourceTree = "<group>";
		};
		79923E652A38ACFF00F31784 /* Views */ = {
			isa = PBXGroup;
			children = (
				798D441E2A2B6217006590B0 /* InfoCell.swift */,
				796E018B2A362B14003656D3 /* GroupCell.swift */,
				79766AB32A2C9316003FC725 /* SpecialistsCell.swift */,
				79E5E4792A3E4956002B9AF4 /* AnalizesCell.swift */,
			);
			path = Views;
			sourceTree = "<group>";
		};
		79923E662A38AD2500F31784 /* Storyboards */ = {
			isa = PBXGroup;
			children = (
				79B110322A2B249E0055A34E /* Main.storyboard */,
				79B110372A2B249F0055A34E /* LaunchScreen.storyboard */,
			);
			path = Storyboards;
			sourceTree = "<group>";
		};
		79923E672A38AE1900F31784 /* ViewControllers */ = {
			isa = PBXGroup;
			children = (
				79B110302A2B249E0055A34E /* MainViewController.swift */,
				791820712A3495360007A0F7 /* NewsDetailsViewController.swift */,
				79766AB12A2C91CC003FC725 /* SpecialistsViewController.swift */,
				79766AB52A2C975D003FC725 /* AnalyzesGroupViewController.swift */,
				794809172A4CA7D000867672 /* ProfessionsViewController.swift */,
				79E5E4772A3E3DFA002B9AF4 /* AnalyzesViewController.swift */,
			);
			path = ViewControllers;
			sourceTree = "<group>";
		};
		79923E682A38AE4500F31784 /* Resources */ = {
			isa = PBXGroup;
			children = (
				79B110352A2B249F0055A34E /* Assets.xcassets */,
			);
			path = Resources;
			sourceTree = "<group>";
		};
		79923E692A38AE5F00F31784 /* App */ = {
			isa = PBXGroup;
			children = (
				79B1102C2A2B249E0055A34E /* AppDelegate.swift */,
				79B1102E2A2B249E0055A34E /* SceneDelegate.swift */,
				79B1103A2A2B249F0055A34E /* Info.plist */,
			);
			path = App;
			sourceTree = "<group>";
		};
		79B110202A2B249E0055A34E = {
			isa = PBXGroup;
			children = (
				79B1102B2A2B249E0055A34E /* MedicalClinic */,
				79B1102A2A2B249E0055A34E /* Products */,
			);
			sourceTree = "<group>";
		};
		79B1102A2A2B249E0055A34E /* Products */ = {
			isa = PBXGroup;
			children = (
				79B110292A2B249E0055A34E /* MedicalClinic.app */,
			);
			name = Products;
			sourceTree = "<group>";
		};
		79B1102B2A2B249E0055A34E /* MedicalClinic */ = {
			isa = PBXGroup;
			children = (
				79923E692A38AE5F00F31784 /* App */,
				79923E672A38AE1900F31784 /* ViewControllers */,
				79923E652A38ACFF00F31784 /* Views */,
				79766ABC2A2C9A03003FC725 /* Services */,
				79766AB92A2C99E6003FC725 /* Models */,
				79923E662A38AD2500F31784 /* Storyboards */,
				79923E682A38AE4500F31784 /* Resources */,
			);
			path = MedicalClinic;
			sourceTree = "<group>";
		};
/* End PBXGroup section */

/* Begin PBXNativeTarget section */
		79B110282A2B249E0055A34E /* MedicalClinic */ = {
			isa = PBXNativeTarget;
			buildConfigurationList = 79B1103D2A2B249F0055A34E /* Build configuration list for PBXNativeTarget "MedicalClinic" */;
			buildPhases = (
				79B110252A2B249E0055A34E /* Sources */,
				79B110262A2B249E0055A34E /* Frameworks */,
				79B110272A2B249E0055A34E /* Resources */,
			);
			buildRules = (
			);
			dependencies = (
			);
			name = MedicalClinic;
			productName = MedicalClinic;
			productReference = 79B110292A2B249E0055A34E /* MedicalClinic.app */;
			productType = "com.apple.product-type.application";
		};
/* End PBXNativeTarget section */

/* Begin PBXProject section */
		79B110212A2B249E0055A34E /* Project object */ = {
			isa = PBXProject;
			attributes = {
				BuildIndependentTargetsInParallel = 1;
				LastSwiftUpdateCheck = 1430;
				LastUpgradeCheck = 1430;
				TargetAttributes = {
					79B110282A2B249E0055A34E = {
						CreatedOnToolsVersion = 14.3.1;
					};
				};
			};
			buildConfigurationList = 79B110242A2B249E0055A34E /* Build configuration list for PBXProject "MedicalClinic" */;
			compatibilityVersion = "Xcode 14.0";
			developmentRegion = en;
			hasScannedForEncodings = 0;
			knownRegions = (
				en,
				Base,
			);
			mainGroup = 79B110202A2B249E0055A34E;
			productRefGroup = 79B1102A2A2B249E0055A34E /* Products */;
			projectDirPath = "";
			projectRoot = "";
			targets = (
				79B110282A2B249E0055A34E /* MedicalClinic */,
			);
		};
/* End PBXProject section */

/* Begin PBXResourcesBuildPhase section */
		79B110272A2B249E0055A34E /* Resources */ = {
			isa = PBXResourcesBuildPhase;
			buildActionMask = 2147483647;
			files = (
				79B110392A2B249F0055A34E /* LaunchScreen.storyboard in Resources */,
				79B110362A2B249F0055A34E /* Assets.xcassets in Resources */,
				79B110342A2B249E0055A34E /* Main.storyboard in Resources */,
			);
			runOnlyForDeploymentPostprocessing = 0;
		};
/* End PBXResourcesBuildPhase section */

/* Begin PBXSourcesBuildPhase section */
		79B110252A2B249E0055A34E /* Sources */ = {
			isa = PBXSourcesBuildPhase;
			buildActionMask = 2147483647;
			files = (
				79E5E47A2A3E4956002B9AF4 /* AnalizesCell.swift in Sources */,
				791820722A3495360007A0F7 /* NewsDetailsViewController.swift in Sources */,
				79B110312A2B249E0055A34E /* MainViewController.swift in Sources */,
				79B1102D2A2B249E0055A34E /* AppDelegate.swift in Sources */,
				796E018C2A362B14003656D3 /* GroupCell.swift in Sources */,
				79766AB42A2C9316003FC725 /* SpecialistsCell.swift in Sources */,
				79766AB62A2C975D003FC725 /* AnalyzesGroupViewController.swift in Sources */,
				79B1102F2A2B249E0055A34E /* SceneDelegate.swift in Sources */,
				79766AB22A2C91CC003FC725 /* SpecialistsViewController.swift in Sources */,
				79E5E4782A3E3DFA002B9AF4 /* AnalyzesViewController.swift in Sources */,
				794809182A4CA7D000867672 /* ProfessionsViewController.swift in Sources */,
				798D441F2A2B6217006590B0 /* InfoCell.swift in Sources */,
				79766ABB2A2C99FD003FC725 /* DataStore.swift in Sources */,
				79766AB82A2C99CD003FC725 /* Hospital.swift in Sources */,
			);
			runOnlyForDeploymentPostprocessing = 0;
		};
/* End PBXSourcesBuildPhase section */

/* Begin PBXVariantGroup section */
		79B110322A2B249E0055A34E /* Main.storyboard */ = {
			isa = PBXVariantGroup;
			children = (
				79B110332A2B249E0055A34E /* Base */,
			);
			name = Main.storyboard;
			sourceTree = "<group>";
		};
		79B110372A2B249F0055A34E /* LaunchScreen.storyboard */ = {
			isa = PBXVariantGroup;
			children = (
				79B110382A2B249F0055A34E /* Base */,
			);
			name = LaunchScreen.storyboard;
			sourceTree = "<group>";
		};
/* End PBXVariantGroup section */

/* Begin XCBuildConfiguration section */
		79B1103B2A2B249F0055A34E /* Debug */ = {
			isa = XCBuildConfiguration;
			buildSettings = {
				ALWAYS_SEARCH_USER_PATHS = NO;
				CLANG_ANALYZER_NONNULL = YES;
				CLANG_ANALYZER_NUMBER_OBJECT_CONVERSION = YES_AGGRESSIVE;
				CLANG_CXX_LANGUAGE_STANDARD = "gnu++20";
				CLANG_ENABLE_MODULES = YES;
				CLANG_ENABLE_OBJC_ARC = YES;
				CLANG_ENABLE_OBJC_WEAK = YES;
				CLANG_WARN_BLOCK_CAPTURE_AUTORELEASING = YES;
				CLANG_WARN_BOOL_CONVERSION = YES;
				CLANG_WARN_COMMA = YES;
				CLANG_WARN_CONSTANT_CONVERSION = YES;
				CLANG_WARN_DEPRECATED_OBJC_IMPLEMENTATIONS = YES;
				CLANG_WARN_DIRECT_OBJC_ISA_USAGE = YES_ERROR;
				CLANG_WARN_DOCUMENTATION_COMMENTS = YES;
				CLANG_WARN_EMPTY_BODY = YES;
				CLANG_WARN_ENUM_CONVERSION = YES;
				CLANG_WARN_INFINITE_RECURSION = YES;
				CLANG_WARN_INT_CONVERSION = YES;
				CLANG_WARN_NON_LITERAL_NULL_CONVERSION = YES;
				CLANG_WARN_OBJC_IMPLICIT_RETAIN_SELF = YES;
				CLANG_WARN_OBJC_LITERAL_CONVERSION = YES;
				CLANG_WARN_OBJC_ROOT_CLASS = YES_ERROR;
				CLANG_WARN_QUOTED_INCLUDE_IN_FRAMEWORK_HEADER = YES;
				CLANG_WARN_RANGE_LOOP_ANALYSIS = YES;
				CLANG_WARN_STRICT_PROTOTYPES = YES;
				CLANG_WARN_SUSPICIOUS_MOVE = YES;
				CLANG_WARN_UNGUARDED_AVAILABILITY = YES_AGGRESSIVE;
				CLANG_WARN_UNREACHABLE_CODE = YES;
				CLANG_WARN__DUPLICATE_METHOD_MATCH = YES;
				COPY_PHASE_STRIP = NO;
				DEBUG_INFORMATION_FORMAT = dwarf;
				ENABLE_STRICT_OBJC_MSGSEND = YES;
				ENABLE_TESTABILITY = YES;
				GCC_C_LANGUAGE_STANDARD = gnu11;
				GCC_DYNAMIC_NO_PIC = NO;
				GCC_NO_COMMON_BLOCKS = YES;
				GCC_OPTIMIZATION_LEVEL = 0;
				GCC_PREPROCESSOR_DEFINITIONS = (
					"DEBUG=1",
					"$(inherited)",
				);
				GCC_WARN_64_TO_32_BIT_CONVERSION = YES;
				GCC_WARN_ABOUT_RETURN_TYPE = YES_ERROR;
				GCC_WARN_UNDECLARED_SELECTOR = YES;
				GCC_WARN_UNINITIALIZED_AUTOS = YES_AGGRESSIVE;
				GCC_WARN_UNUSED_FUNCTION = YES;
				GCC_WARN_UNUSED_VARIABLE = YES;
				IPHONEOS_DEPLOYMENT_TARGET = 16.4;
				MTL_ENABLE_DEBUG_INFO = INCLUDE_SOURCE;
				MTL_FAST_MATH = YES;
				ONLY_ACTIVE_ARCH = YES;
				SDKROOT = iphoneos;
				SWIFT_ACTIVE_COMPILATION_CONDITIONS = DEBUG;
				SWIFT_OPTIMIZATION_LEVEL = "-Onone";
			};
			name = Debug;
		};
		79B1103C2A2B249F0055A34E /* Release */ = {
			isa = XCBuildConfiguration;
			buildSettings = {
				ALWAYS_SEARCH_USER_PATHS = NO;
				CLANG_ANALYZER_NONNULL = YES;
				CLANG_ANALYZER_NUMBER_OBJECT_CONVERSION = YES_AGGRESSIVE;
				CLANG_CXX_LANGUAGE_STANDARD = "gnu++20";
				CLANG_ENABLE_MODULES = YES;
				CLANG_ENABLE_OBJC_ARC = YES;
				CLANG_ENABLE_OBJC_WEAK = YES;
				CLANG_WARN_BLOCK_CAPTURE_AUTORELEASING = YES;
				CLANG_WARN_BOOL_CONVERSION = YES;
				CLANG_WARN_COMMA = YES;
				CLANG_WARN_CONSTANT_CONVERSION = YES;
				CLANG_WARN_DEPRECATED_OBJC_IMPLEMENTATIONS = YES;
				CLANG_WARN_DIRECT_OBJC_ISA_USAGE = YES_ERROR;
				CLANG_WARN_DOCUMENTATION_COMMENTS = YES;
				CLANG_WARN_EMPTY_BODY = YES;
				CLANG_WARN_ENUM_CONVERSION = YES;
				CLANG_WARN_INFINITE_RECURSION = YES;
				CLANG_WARN_INT_CONVERSION = YES;
				CLANG_WARN_NON_LITERAL_NULL_CONVERSION = YES;
				CLANG_WARN_OBJC_IMPLICIT_RETAIN_SELF = YES;
				CLANG_WARN_OBJC_LITERAL_CONVERSION = YES;
				CLANG_WARN_OBJC_ROOT_CLASS = YES_ERROR;
				CLANG_WARN_QUOTED_INCLUDE_IN_FRAMEWORK_HEADER = YES;
				CLANG_WARN_RANGE_LOOP_ANALYSIS = YES;
				CLANG_WARN_STRICT_PROTOTYPES = YES;
				CLANG_WARN_SUSPICIOUS_MOVE = YES;
				CLANG_WARN_UNGUARDED_AVAILABILITY = YES_AGGRESSIVE;
				CLANG_WARN_UNREACHABLE_CODE = YES;
				CLANG_WARN__DUPLICATE_METHOD_MATCH = YES;
				COPY_PHASE_STRIP = NO;
				DEBUG_INFORMATION_FORMAT = "dwarf-with-dsym";
				ENABLE_NS_ASSERTIONS = NO;
				ENABLE_STRICT_OBJC_MSGSEND = YES;
				GCC_C_LANGUAGE_STANDARD = gnu11;
				GCC_NO_COMMON_BLOCKS = YES;
				GCC_WARN_64_TO_32_BIT_CONVERSION = YES;
				GCC_WARN_ABOUT_RETURN_TYPE = YES_ERROR;
				GCC_WARN_UNDECLARED_SELECTOR = YES;
				GCC_WARN_UNINITIALIZED_AUTOS = YES_AGGRESSIVE;
				GCC_WARN_UNUSED_FUNCTION = YES;
				GCC_WARN_UNUSED_VARIABLE = YES;
				IPHONEOS_DEPLOYMENT_TARGET = 16.4;
				MTL_ENABLE_DEBUG_INFO = NO;
				MTL_FAST_MATH = YES;
				SDKROOT = iphoneos;
				SWIFT_COMPILATION_MODE = wholemodule;
				SWIFT_OPTIMIZATION_LEVEL = "-O";
				VALIDATE_PRODUCT = YES;
			};
			name = Release;
		};
		79B1103E2A2B249F0055A34E /* Debug */ = {
			isa = XCBuildConfiguration;
			buildSettings = {
				ASSETCATALOG_COMPILER_APPICON_NAME = AppIcon;
				ASSETCATALOG_COMPILER_GLOBAL_ACCENT_COLOR_NAME = AccentColor;
				CODE_SIGN_STYLE = Automatic;
				CURRENT_PROJECT_VERSION = 1;
				DEVELOPMENT_TEAM = MLZMX2BSJ3;
				GENERATE_INFOPLIST_FILE = YES;
				INFOPLIST_FILE = MedicalClinic/App/Info.plist;
				INFOPLIST_KEY_UIApplicationSupportsIndirectInputEvents = YES;
				INFOPLIST_KEY_UILaunchStoryboardName = LaunchScreen;
				INFOPLIST_KEY_UIMainStoryboardFile = Main;
				INFOPLIST_KEY_UISupportedInterfaceOrientations_iPad = "UIInterfaceOrientationPortrait UIInterfaceOrientationPortraitUpsideDown UIInterfaceOrientationLandscapeLeft UIInterfaceOrientationLandscapeRight";
				INFOPLIST_KEY_UISupportedInterfaceOrientations_iPhone = "UIInterfaceOrientationPortrait UIInterfaceOrientationLandscapeLeft UIInterfaceOrientationLandscapeRight";
				IPHONEOS_DEPLOYMENT_TARGET = 15.6;
				LD_RUNPATH_SEARCH_PATHS = (
					"$(inherited)",
					"@executable_path/Frameworks",
				);
				MARKETING_VERSION = 1.0;
				PRODUCT_BUNDLE_IDENTIFIER = "Sazonov-Stanislav.MedicalClinic";
				PRODUCT_NAME = "$(TARGET_NAME)";
				SUPPORTED_PLATFORMS = "iphoneos iphonesimulator";
				SUPPORTS_MACCATALYST = NO;
				SUPPORTS_MAC_DESIGNED_FOR_IPHONE_IPAD = NO;
				SWIFT_EMIT_LOC_STRINGS = YES;
				SWIFT_VERSION = 5.0;
				TARGETED_DEVICE_FAMILY = 1;
			};
			name = Debug;
		};
		79B1103F2A2B249F0055A34E /* Release */ = {
			isa = XCBuildConfiguration;
			buildSettings = {
				ASSETCATALOG_COMPILER_APPICON_NAME = AppIcon;
				ASSETCATALOG_COMPILER_GLOBAL_ACCENT_COLOR_NAME = AccentColor;
				CODE_SIGN_STYLE = Automatic;
				CURRENT_PROJECT_VERSION = 1;
				DEVELOPMENT_TEAM = MLZMX2BSJ3;
				GENERATE_INFOPLIST_FILE = YES;
				INFOPLIST_FILE = MedicalClinic/App/Info.plist;
				INFOPLIST_KEY_UIApplicationSupportsIndirectInputEvents = YES;
				INFOPLIST_KEY_UILaunchStoryboardName = LaunchScreen;
				INFOPLIST_KEY_UIMainStoryboardFile = Main;
				INFOPLIST_KEY_UISupportedInterfaceOrientations_iPad = "UIInterfaceOrientationPortrait UIInterfaceOrientationPortraitUpsideDown UIInterfaceOrientationLandscapeLeft UIInterfaceOrientationLandscapeRight";
				INFOPLIST_KEY_UISupportedInterfaceOrientations_iPhone = "UIInterfaceOrientationPortrait UIInterfaceOrientationLandscapeLeft UIInterfaceOrientationLandscapeRight";
				IPHONEOS_DEPLOYMENT_TARGET = 15.6;
				LD_RUNPATH_SEARCH_PATHS = (
					"$(inherited)",
					"@executable_path/Frameworks",
				);
				MARKETING_VERSION = 1.0;
				PRODUCT_BUNDLE_IDENTIFIER = "Sazonov-Stanislav.MedicalClinic";
				PRODUCT_NAME = "$(TARGET_NAME)";
				SUPPORTED_PLATFORMS = "iphoneos iphonesimulator";
				SUPPORTS_MACCATALYST = NO;
				SUPPORTS_MAC_DESIGNED_FOR_IPHONE_IPAD = NO;
				SWIFT_EMIT_LOC_STRINGS = YES;
				SWIFT_VERSION = 5.0;
				TARGETED_DEVICE_FAMILY = 1;
			};
			name = Release;
		};
/* End XCBuildConfiguration section */

/* Begin XCConfigurationList section */
		79B110242A2B249E0055A34E /* Build configuration list for PBXProject "MedicalClinic" */ = {
			isa = XCConfigurationList;
			buildConfigurations = (
				79B1103B2A2B249F0055A34E /* Debug */,
				79B1103C2A2B249F0055A34E /* Release */,
			);
			defaultConfigurationIsVisible = 0;
			defaultConfigurationName = Release;
		};
		79B1103D2A2B249F0055A34E /* Build configuration list for PBXNativeTarget "MedicalClinic" */ = {
			isa = XCConfigurationList;
			buildConfigurations = (
				79B1103E2A2B249F0055A34E /* Debug */,
				79B1103F2A2B249F0055A34E /* Release */,
			);
			defaultConfigurationIsVisible = 0;
			defaultConfigurationName = Release;
		};
/* End XCConfigurationList section */
	};
	rootObject = 79B110212A2B249E0055A34E /* Project object */;
}
